
Microsoft Visual Studio Solution File, Format Version 12.00
Project("{FAE04EC0-301F-11D3-BF4B-00C04F79EFBC}") = "AdventOfCode2022_Day1", "AdventOfCode2022_Day1\AdventOfCode2022_Day1.csproj", "{D330367F-CAAC-46E3-B272-6290D1CEBF6F}"
EndProject
Project("{FAE04EC0-301F-11D3-BF4B-00C04F79EFBC}") = "AdventOfCode2022_Day2", "AdventOfCode2022_Day2\AdventOfCode2022_Day2.csproj", "{EBBC9A0D-05EA-4EE8-A3A1-0B5C6610C6CB}"
EndProject
Project("{FAE04EC0-301F-11D3-BF4B-00C04F79EFBC}") = "AdventOfCode2022_Day3", "AdventOfCode2022_Day3\AdventOfCode2022_Day3.csproj", "{36516785-0DE6-4ED2-9861-41872B46D6AF}"
EndProject
Project("{FAE04EC0-301F-11D3-BF4B-00C04F79EFBC}") = "AdventOfCode2022_Day4", "AdventOfCode2022_Day4\AdventOfCode2022_Day4.csproj", "{7F8CF648-2A6B-46A4-80FF-515A41A535F5}"
EndProject
Project("{FAE04EC0-301F-11D3-BF4B-00C04F79EFBC}") = "AdventOfCode2022_Day5", "AdventOfCode2022_Day5\AdventOfCode2022_Day5.csproj", "{4341CFC3-168C-4810-AE48-4E27A458010E}"
EndProject
Project("{FAE04EC0-301F-11D3-BF4B-00C04F79EFBC}") = "AdventOfCode2022_Day6", "AdventOfCode2022_Day6\AdventOfCode2022_Day6.csproj", "{F301C5ED-6028-4638-99CB-B4DA943ACBEF}"
EndProject
Project("{FAE04EC0-301F-11D3-BF4B-00C04F79EFBC}") = "AdventOfCode2022_Day7", "AdventOfCode2022_Day7\AdventOfCode2022_Day7.csproj", "{1215264A-664C-48E9-958C-FE2555EAF1E4}"
EndProject
Project("{FAE04EC0-301F-11D3-BF4B-00C04F79EFBC}") = "AdventOfCode2022_Day8", "AdventOfCode2022_Day8\AdventOfCode2022_Day8.csproj", "{93247598-6AB2-4C1E-BFCC-8B8EA7885DAA}"
EndProject
Project("{FAE04EC0-301F-11D3-BF4B-00C04F79EFBC}") = "AdventOfCode2022_Day9", "AdventOfCode2022_Day9\AdventOfCode2022_Day9.csproj", "{DA3F3654-F0B3-4132-9910-8C5C94839F81}"
EndProject
Project("{FAE04EC0-301F-11D3-BF4B-00C04F79EFBC}") = "AdventOfCode2022_Day10", "AdventOfCode2022_Day10\AdventOfCode2022_Day10.csproj", "{0775C693-26E9-4A5B-8540-43B92E335285}"
EndProject
Project("{FAE04EC0-301F-11D3-BF4B-00C04F79EFBC}") = "AdventOfCode2022_Day11", "AdventOfCode2022_Day11\AdventOfCode2022_Day11.csproj", "{9451FBE4-6743-4B0B-9084-E5C8BBAAD2EE}"
EndProject
Project("{FAE04EC0-301F-11D3-BF4B-00C04F79EFBC}") = "AdventOfCode2022_Day12", "AdventOfCode2022_Day12\AdventOfCode2022_Day12.csproj", "{2F766D46-F063-4E7C-836F-3DCC0835E4DC}"
EndProject
Project("{FAE04EC0-301F-11D3-BF4B-00C04F79EFBC}") = "AdventOfCode2022_Day14", "AdventOfCode2022_Day14\AdventOfCode2022_Day14.csproj", "{D147A1C1-FF75-476A-B93B-2D60E85A57F4}"
EndProject
Project("{FAE04EC0-301F-11D3-BF4B-00C04F79EFBC}") = "AdventOfCode2022_Day15", "AdventOfCode2022_Day15\AdventOfCode2022_Day15.csproj", "{A5BC7ECF-1861-4B1B-8CD7-F6BECCDF9CB4}"
EndProject
Project("{FAE04EC0-301F-11D3-BF4B-00C04F79EFBC}") = "AdventOfCode2022_Day16", "AdventOfCode2022_Day16\AdventOfCode2022_Day16.csproj", "{789FB9C5-765C-4A3D-88F7-8365BFCFF27F}"
EndProject
Project("{FAE04EC0-301F-11D3-BF4B-00C04F79EFBC}") = "AdventOfCode2022_Day18", "AdventOfCode2022_Day18\AdventOfCode2022_Day18.csproj", "{3664A31F-750A-45D8-9E11-3A4955AFCFE4}"
EndProject
Project("{FAE04EC0-301F-11D3-BF4B-00C04F79EFBC}") = "AdventOfCode2022_Day17", "AdventOfCode2022_Day17\AdventOfCode2022_Day17.csproj", "{521FBD3D-9F04-43CA-8B59-B587E5D7234B}"
EndProject
Project("{FAE04EC0-301F-11D3-BF4B-00C04F79EFBC}") = "AdventOfCode2022_Day19", "AdventOfCode2022_Day19\AdventOfCode2022_Day19.csproj", "{C1C68A1F-45FA-45CF-8DE4-1969E9B7B832}"
EndProject
Project("{FAE04EC0-301F-11D3-BF4B-00C04F79EFBC}") = "AdventOfCode2022_Day13", "AdventOfCode2022_Day13\AdventOfCode2022_Day13.csproj", "{383EDFAA-D966-4265-A829-54F1DCF4BFB3}"
EndProject
Project("{FAE04EC0-301F-11D3-BF4B-00C04F79EFBC}") = "AdventOfCode2022_Day20", "AdventOfCode2022_Day20\AdventOfCode2022_Day20.csproj", "{47667F59-35C8-4821-9878-A43595B4843E}"
EndProject
Global
	GlobalSection(SolutionConfigurationPlatforms) = preSolution
		Debug|Any CPU = Debug|Any CPU
		Release|Any CPU = Release|Any CPU
	EndGlobalSection
	GlobalSection(ProjectConfigurationPlatforms) = postSolution
		{D330367F-CAAC-46E3-B272-6290D1CEBF6F}.Debug|Any CPU.ActiveCfg = Debug|Any CPU
		{D330367F-CAAC-46E3-B272-6290D1CEBF6F}.Debug|Any CPU.Build.0 = Debug|Any CPU
		{D330367F-CAAC-46E3-B272-6290D1CEBF6F}.Release|Any CPU.ActiveCfg = Release|Any CPU
		{D330367F-CAAC-46E3-B272-6290D1CEBF6F}.Release|Any CPU.Build.0 = Release|Any CPU
		{EBBC9A0D-05EA-4EE8-A3A1-0B5C6610C6CB}.Debug|Any CPU.ActiveCfg = Debug|Any CPU
		{EBBC9A0D-05EA-4EE8-A3A1-0B5C6610C6CB}.Debug|Any CPU.Build.0 = Debug|Any CPU
		{EBBC9A0D-05EA-4EE8-A3A1-0B5C6610C6CB}.Release|Any CPU.ActiveCfg = Release|Any CPU
		{EBBC9A0D-05EA-4EE8-A3A1-0B5C6610C6CB}.Release|Any CPU.Build.0 = Release|Any CPU
		{36516785-0DE6-4ED2-9861-41872B46D6AF}.Debug|Any CPU.ActiveCfg = Debug|Any CPU
		{36516785-0DE6-4ED2-9861-41872B46D6AF}.Debug|Any CPU.Build.0 = Debug|Any CPU
		{36516785-0DE6-4ED2-9861-41872B46D6AF}.Release|Any CPU.ActiveCfg = Release|Any CPU
		{36516785-0DE6-4ED2-9861-41872B46D6AF}.Release|Any CPU.Build.0 = Release|Any CPU
		{7F8CF648-2A6B-46A4-80FF-515A41A535F5}.Debug|Any CPU.ActiveCfg = Debug|Any CPU
		{7F8CF648-2A6B-46A4-80FF-515A41A535F5}.Debug|Any CPU.Build.0 = Debug|Any CPU
		{7F8CF648-2A6B-46A4-80FF-515A41A535F5}.Release|Any CPU.ActiveCfg = Release|Any CPU
		{7F8CF648-2A6B-46A4-80FF-515A41A535F5}.Release|Any CPU.Build.0 = Release|Any CPU
		{4341CFC3-168C-4810-AE48-4E27A458010E}.Debug|Any CPU.ActiveCfg = Debug|Any CPU
		{4341CFC3-168C-4810-AE48-4E27A458010E}.Debug|Any CPU.Build.0 = Debug|Any CPU
		{4341CFC3-168C-4810-AE48-4E27A458010E}.Release|Any CPU.ActiveCfg = Release|Any CPU
		{4341CFC3-168C-4810-AE48-4E27A458010E}.Release|Any CPU.Build.0 = Release|Any CPU
		{F301C5ED-6028-4638-99CB-B4DA943ACBEF}.Debug|Any CPU.ActiveCfg = Debug|Any CPU
		{F301C5ED-6028-4638-99CB-B4DA943ACBEF}.Debug|Any CPU.Build.0 = Debug|Any CPU
		{F301C5ED-6028-4638-99CB-B4DA943ACBEF}.Release|Any CPU.ActiveCfg = Release|Any CPU
		{F301C5ED-6028-4638-99CB-B4DA943ACBEF}.Release|Any CPU.Build.0 = Release|Any CPU
		{1215264A-664C-48E9-958C-FE2555EAF1E4}.Debug|Any CPU.ActiveCfg = Debug|Any CPU
		{1215264A-664C-48E9-958C-FE2555EAF1E4}.Debug|Any CPU.Build.0 = Debug|Any CPU
		{1215264A-664C-48E9-958C-FE2555EAF1E4}.Release|Any CPU.ActiveCfg = Release|Any CPU
		{1215264A-664C-48E9-958C-FE2555EAF1E4}.Release|Any CPU.Build.0 = Release|Any CPU
		{93247598-6AB2-4C1E-BFCC-8B8EA7885DAA}.Debug|Any CPU.ActiveCfg = Debug|Any CPU
		{93247598-6AB2-4C1E-BFCC-8B8EA7885DAA}.Debug|Any CPU.Build.0 = Debug|Any CPU
		{93247598-6AB2-4C1E-BFCC-8B8EA7885DAA}.Release|Any CPU.ActiveCfg = Release|Any CPU
		{93247598-6AB2-4C1E-BFCC-8B8EA7885DAA}.Release|Any CPU.Build.0 = Release|Any CPU
		{DA3F3654-F0B3-4132-9910-8C5C94839F81}.Debug|Any CPU.ActiveCfg = Debug|Any CPU
		{DA3F3654-F0B3-4132-9910-8C5C94839F81}.Debug|Any CPU.Build.0 = Debug|Any CPU
		{DA3F3654-F0B3-4132-9910-8C5C94839F81}.Release|Any CPU.ActiveCfg = Release|Any CPU
		{DA3F3654-F0B3-4132-9910-8C5C94839F81}.Release|Any CPU.Build.0 = Release|Any CPU
		{0775C693-26E9-4A5B-8540-43B92E335285}.Debug|Any CPU.ActiveCfg = Debug|Any CPU
		{0775C693-26E9-4A5B-8540-43B92E335285}.Debug|Any CPU.Build.0 = Debug|Any CPU
		{0775C693-26E9-4A5B-8540-43B92E335285}.Release|Any CPU.ActiveCfg = Release|Any CPU
		{0775C693-26E9-4A5B-8540-43B92E335285}.Release|Any CPU.Build.0 = Release|Any CPU
		{9451FBE4-6743-4B0B-9084-E5C8BBAAD2EE}.Debug|Any CPU.ActiveCfg = Debug|Any CPU
		{9451FBE4-6743-4B0B-9084-E5C8BBAAD2EE}.Debug|Any CPU.Build.0 = Debug|Any CPU
		{9451FBE4-6743-4B0B-9084-E5C8BBAAD2EE}.Release|Any CPU.ActiveCfg = Release|Any CPU
		{9451FBE4-6743-4B0B-9084-E5C8BBAAD2EE}.Release|Any CPU.Build.0 = Release|Any CPU
		{2F766D46-F063-4E7C-836F-3DCC0835E4DC}.Debug|Any CPU.ActiveCfg = Debug|Any CPU
		{2F766D46-F063-4E7C-836F-3DCC0835E4DC}.Debug|Any CPU.Build.0 = Debug|Any CPU
		{2F766D46-F063-4E7C-836F-3DCC0835E4DC}.Release|Any CPU.ActiveCfg = Release|Any CPU
		{2F766D46-F063-4E7C-836F-3DCC0835E4DC}.Release|Any CPU.Build.0 = Release|Any CPU
		{D147A1C1-FF75-476A-B93B-2D60E85A57F4}.Debug|Any CPU.ActiveCfg = Debug|Any CPU
		{D147A1C1-FF75-476A-B93B-2D60E85A57F4}.Debug|Any CPU.Build.0 = Debug|Any CPU
		{D147A1C1-FF75-476A-B93B-2D60E85A57F4}.Release|Any CPU.ActiveCfg = Release|Any CPU
		{D147A1C1-FF75-476A-B93B-2D60E85A57F4}.Release|Any CPU.Build.0 = Release|Any CPU
		{A5BC7ECF-1861-4B1B-8CD7-F6BECCDF9CB4}.Debug|Any CPU.ActiveCfg = Debug|Any CPU
		{A5BC7ECF-1861-4B1B-8CD7-F6BECCDF9CB4}.Debug|Any CPU.Build.0 = Debug|Any CPU
		{A5BC7ECF-1861-4B1B-8CD7-F6BECCDF9CB4}.Release|Any CPU.ActiveCfg = Release|Any CPU
		{A5BC7ECF-1861-4B1B-8CD7-F6BECCDF9CB4}.Release|Any CPU.Build.0 = Release|Any CPU
		{789FB9C5-765C-4A3D-88F7-8365BFCFF27F}.Debug|Any CPU.ActiveCfg = Debug|Any CPU
		{789FB9C5-765C-4A3D-88F7-8365BFCFF27F}.Debug|Any CPU.Build.0 = Debug|Any CPU
		{789FB9C5-765C-4A3D-88F7-8365BFCFF27F}.Release|Any CPU.ActiveCfg = Release|Any CPU
		{789FB9C5-765C-4A3D-88F7-8365BFCFF27F}.Release|Any CPU.Build.0 = Release|Any CPU
		{3664A31F-750A-45D8-9E11-3A4955AFCFE4}.Debug|Any CPU.ActiveCfg = Debug|Any CPU
		{3664A31F-750A-45D8-9E11-3A4955AFCFE4}.Debug|Any CPU.Build.0 = Debug|Any CPU
		{3664A31F-750A-45D8-9E11-3A4955AFCFE4}.Release|Any CPU.ActiveCfg = Release|Any CPU
		{3664A31F-750A-45D8-9E11-3A4955AFCFE4}.Release|Any CPU.Build.0 = Release|Any CPU
		{521FBD3D-9F04-43CA-8B59-B587E5D7234B}.Debug|Any CPU.ActiveCfg = Debug|Any CPU
		{521FBD3D-9F04-43CA-8B59-B587E5D7234B}.Debug|Any CPU.Build.0 = Debug|Any CPU
		{521FBD3D-9F04-43CA-8B59-B587E5D7234B}.Release|Any CPU.ActiveCfg = Release|Any CPU
		{521FBD3D-9F04-43CA-8B59-B587E5D7234B}.Release|Any CPU.Build.0 = Release|Any CPU
		{C1C68A1F-45FA-45CF-8DE4-1969E9B7B832}.Debug|Any CPU.ActiveCfg = Debug|Any CPU
		{C1C68A1F-45FA-45CF-8DE4-1969E9B7B832}.Debug|Any CPU.Build.0 = Debug|Any CPU
		{C1C68A1F-45FA-45CF-8DE4-1969E9B7B832}.Release|Any CPU.ActiveCfg = Release|Any CPU
		{C1C68A1F-45FA-45CF-8DE4-1969E9B7B832}.Release|Any CPU.Build.0 = Release|Any CPU
		{383EDFAA-D966-4265-A829-54F1DCF4BFB3}.Debug|Any CPU.ActiveCfg = Debug|Any CPU
		{383EDFAA-D966-4265-A829-54F1DCF4BFB3}.Debug|Any CPU.Build.0 = Debug|Any CPU
		{383EDFAA-D966-4265-A829-54F1DCF4BFB3}.Release|Any CPU.ActiveCfg = Release|Any CPU
		{383EDFAA-D966-4265-A829-54F1DCF4BFB3}.Release|Any CPU.Build.0 = Release|Any CPU
		{47667F59-35C8-4821-9878-A43595B4843E}.Debug|Any CPU.ActiveCfg = Debug|Any CPU
		{47667F59-35C8-4821-9878-A43595B4843E}.Debug|Any CPU.Build.0 = Debug|Any CPU
		{47667F59-35C8-4821-9878-A43595B4843E}.Release|Any CPU.ActiveCfg = Release|Any CPU
		{47667F59-35C8-4821-9878-A43595B4843E}.Release|Any CPU.Build.0 = Release|Any CPU
	EndGlobalSection
EndGlobal
